
Microsoft Visual Studio Solution File, Format Version 12.00
Project("{FAE04EC0-301F-11D3-BF4B-00C04F79EFBC}") = "IOCLearn", "IOCLearn.csproj", "{80880057-5E4A-40EC-A089-6E79DCCB0F67}"
EndProject
Global
	GlobalSection(SolutionConfigurationPlatforms) = preSolution
		Debug|Any CPU = Debug|Any CPU
		Release|Any CPU = Release|Any CPU
	EndGlobalSection
	GlobalSection(ProjectConfigurationPlatforms) = postSolution
		{80880057-5E4A-40EC-A089-6E79DCCB0F67}.Debug|Any CPU.ActiveCfg = Debug|Any CPU
		{80880057-5E4A-40EC-A089-6E79DCCB0F67}.Debug|Any CPU.Build.0 = Debug|Any CPU
		{80880057-5E4A-40EC-A089-6E79DCCB0F67}.Release|Any CPU.ActiveCfg = Release|Any CPU
		{80880057-5E4A-40EC-A089-6E79DCCB0F67}.Release|Any CPU.Build.0 = Release|Any CPU
	EndGlobalSection
EndGlobal
